
Microsoft Visual Studio Solution File, Format Version 12.00
# Visual Studio Version 17
VisualStudioVersion = 17.9.34728.123
MinimumVisualStudioVersion = 10.0.40219.1
Project("{2150E333-8FDC-42A3-9474-1A3956D46DE8}") = "src", "src", "{1381B6D6-08E5-4232-AC9C-3BB152355864}"
EndProject
Project("{FAE04EC0-301F-11D3-BF4B-00C04F79EFBC}") = "FITSKIP.API", "FITSKIP.API\FITSKIP.API.csproj", "{A35E025E-349F-49D2-B8EB-038CDC4D388D}"
EndProject
Project("{FAE04EC0-301F-11D3-BF4B-00C04F79EFBC}") = "FITSKIP.Application", "FITSKIP.Application\FITSKIP.Application.csproj", "{D4BC7D08-C8E4-4D0F-8DE8-2FDFE143E1F7}"
EndProject
Project("{FAE04EC0-301F-11D3-BF4B-00C04F79EFBC}") = "FITSKIP.Domain", "FITSKIP.Domain\FITSKIP.Domain.csproj", "{4916E31D-540B-416E-AD81-F375A1F464F5}"
EndProject
Project("{FAE04EC0-301F-11D3-BF4B-00C04F79EFBC}") = "FITSKIP.Infrastructure", "FITSKIP.Infrastructure\FITSKIP.Infrastructure.csproj", "{AC23FF71-77EC-45C8-BFA1-A0A4ACB14C42}"
EndProject
Project("{2150E333-8FDC-42A3-9474-1A3956D46DE8}") = "clients", "clients", "{89F8B438-58D1-4936-B967-60644D7F81FF}"
EndProject
Project("{2150E333-8FDC-42A3-9474-1A3956D46DE8}") = "tests", "tests", "{D63EF02B-9898-4D68-B8F4-EF0077A36BCB}"
EndProject
Project("{FAE04EC0-301F-11D3-BF4B-00C04F79EFBC}") = "FITSKIP.Domain.Tests", "FITSKIP.Domain.Tests\FITSKIP.Domain.Tests.csproj", "{E79332E9-FCFF-4BDA-A6A0-71C5361708AB}"
EndProject
Project("{FAE04EC0-301F-11D3-BF4B-00C04F79EFBC}") = "FITSKIP.Application.Tests", "FITSKIP.Application.Tests\FITSKIP.Application.Tests.csproj", "{EAC7E8B4-B6B0-427D-A8CD-B0B3A87F50D0}"
EndProject
Global
	GlobalSection(SolutionConfigurationPlatforms) = preSolution
		Debug|Any CPU = Debug|Any CPU
		Release|Any CPU = Release|Any CPU
	EndGlobalSection
	GlobalSection(ProjectConfigurationPlatforms) = postSolution
		{A35E025E-349F-49D2-B8EB-038CDC4D388D}.Debug|Any CPU.ActiveCfg = Debug|Any CPU
		{A35E025E-349F-49D2-B8EB-038CDC4D388D}.Debug|Any CPU.Build.0 = Debug|Any CPU
		{A35E025E-349F-49D2-B8EB-038CDC4D388D}.Release|Any CPU.ActiveCfg = Release|Any CPU
		{A35E025E-349F-49D2-B8EB-038CDC4D388D}.Release|Any CPU.Build.0 = Release|Any CPU
		{D4BC7D08-C8E4-4D0F-8DE8-2FDFE143E1F7}.Debug|Any CPU.ActiveCfg = Debug|Any CPU
		{D4BC7D08-C8E4-4D0F-8DE8-2FDFE143E1F7}.Debug|Any CPU.Build.0 = Debug|Any CPU
		{D4BC7D08-C8E4-4D0F-8DE8-2FDFE143E1F7}.Release|Any CPU.ActiveCfg = Release|Any CPU
		{D4BC7D08-C8E4-4D0F-8DE8-2FDFE143E1F7}.Release|Any CPU.Build.0 = Release|Any CPU
		{4916E31D-540B-416E-AD81-F375A1F464F5}.Debug|Any CPU.ActiveCfg = Debug|Any CPU
		{4916E31D-540B-416E-AD81-F375A1F464F5}.Debug|Any CPU.Build.0 = Debug|Any CPU
		{4916E31D-540B-416E-AD81-F375A1F464F5}.Release|Any CPU.ActiveCfg = Release|Any CPU
		{4916E31D-540B-416E-AD81-F375A1F464F5}.Release|Any CPU.Build.0 = Release|Any CPU
		{AC23FF71-77EC-45C8-BFA1-A0A4ACB14C42}.Debug|Any CPU.ActiveCfg = Debug|Any CPU
		{AC23FF71-77EC-45C8-BFA1-A0A4ACB14C42}.Debug|Any CPU.Build.0 = Debug|Any CPU
		{AC23FF71-77EC-45C8-BFA1-A0A4ACB14C42}.Release|Any CPU.ActiveCfg = Release|Any CPU
		{AC23FF71-77EC-45C8-BFA1-A0A4ACB14C42}.Release|Any CPU.Build.0 = Release|Any CPU
		{E79332E9-FCFF-4BDA-A6A0-71C5361708AB}.Debug|Any CPU.ActiveCfg = Debug|Any CPU
		{E79332E9-FCFF-4BDA-A6A0-71C5361708AB}.Debug|Any CPU.Build.0 = Debug|Any CPU
		{E79332E9-FCFF-4BDA-A6A0-71C5361708AB}.Release|Any CPU.ActiveCfg = Release|Any CPU
		{E79332E9-FCFF-4BDA-A6A0-71C5361708AB}.Release|Any CPU.Build.0 = Release|Any CPU
		{EAC7E8B4-B6B0-427D-A8CD-B0B3A87F50D0}.Debug|Any CPU.ActiveCfg = Debug|Any CPU
		{EAC7E8B4-B6B0-427D-A8CD-B0B3A87F50D0}.Debug|Any CPU.Build.0 = Debug|Any CPU
		{EAC7E8B4-B6B0-427D-A8CD-B0B3A87F50D0}.Release|Any CPU.ActiveCfg = Release|Any CPU
		{EAC7E8B4-B6B0-427D-A8CD-B0B3A87F50D0}.Release|Any CPU.Build.0 = Release|Any CPU
	EndGlobalSection
	GlobalSection(SolutionProperties) = preSolution
		HideSolutionNode = FALSE
	EndGlobalSection
	GlobalSection(NestedProjects) = preSolution
		{A35E025E-349F-49D2-B8EB-038CDC4D388D} = {1381B6D6-08E5-4232-AC9C-3BB152355864}
		{D4BC7D08-C8E4-4D0F-8DE8-2FDFE143E1F7} = {1381B6D6-08E5-4232-AC9C-3BB152355864}
		{4916E31D-540B-416E-AD81-F375A1F464F5} = {1381B6D6-08E5-4232-AC9C-3BB152355864}
		{AC23FF71-77EC-45C8-BFA1-A0A4ACB14C42} = {1381B6D6-08E5-4232-AC9C-3BB152355864}
		{E79332E9-FCFF-4BDA-A6A0-71C5361708AB} = {D63EF02B-9898-4D68-B8F4-EF0077A36BCB}
		{EAC7E8B4-B6B0-427D-A8CD-B0B3A87F50D0} = {D63EF02B-9898-4D68-B8F4-EF0077A36BCB}
	EndGlobalSection
	GlobalSection(ExtensibilityGlobals) = postSolution
		SolutionGuid = {5A7099F8-EF82-409C-8A3E-169458172576}
	EndGlobalSection
EndGlobal
